// !$*UTF8*$!
{
	archiveVersion = 1;
	classes = {
	};
	objectVersion = 55;
	objects = {

/* Begin PBXBuildFile section */
		26117C9029578E7E3474AD80 /* Pods_MobilPelisProd.framework in Frameworks */ = {isa = PBXBuildFile; fileRef = 164DC8586A4976A83D8AC3BC /* Pods_MobilPelisProd.framework */; };
		2FCBA293058CA94A08D23CDD /* Pods_MobilPelisDev_MobilPelisUITests.framework in Frameworks */ = {isa = PBXBuildFile; fileRef = 7E362533E53DC0ACC23EDCE8 /* Pods_MobilPelisDev_MobilPelisUITests.framework */; };
		6D33124727F821E200294D48 /* UserModel.swift in Sources */ = {isa = PBXBuildFile; fileRef = 6D33124627F821E200294D48 /* UserModel.swift */; };
		6D33124827F821E200294D48 /* UserModel.swift in Sources */ = {isa = PBXBuildFile; fileRef = 6D33124627F821E200294D48 /* UserModel.swift */; };
		6D33124A27F8AB8900294D48 /* LoginViewModel.swift in Sources */ = {isa = PBXBuildFile; fileRef = 6D33124927F8AB8900294D48 /* LoginViewModel.swift */; };
		6D33124B27F8AB8900294D48 /* LoginViewModel.swift in Sources */ = {isa = PBXBuildFile; fileRef = 6D33124927F8AB8900294D48 /* LoginViewModel.swift */; };
		6D33124F27F8B69300294D48 /* UIViewController.swift in Sources */ = {isa = PBXBuildFile; fileRef = 6D33124E27F8B69300294D48 /* UIViewController.swift */; };
		6D33125027F8B69300294D48 /* UIViewController.swift in Sources */ = {isa = PBXBuildFile; fileRef = 6D33124E27F8B69300294D48 /* UIViewController.swift */; };
		6D33125627F9276A00294D48 /* ListMovie.storyboard in Resources */ = {isa = PBXBuildFile; fileRef = 6D33125527F9276A00294D48 /* ListMovie.storyboard */; };
		6D33125727F9276A00294D48 /* ListMovie.storyboard in Resources */ = {isa = PBXBuildFile; fileRef = 6D33125527F9276A00294D48 /* ListMovie.storyboard */; };
		6D33125B27F95BDD00294D48 /* Endpoint.swift in Sources */ = {isa = PBXBuildFile; fileRef = 6D33125A27F95BDD00294D48 /* Endpoint.swift */; };
		6D33125C27F95BDD00294D48 /* Endpoint.swift in Sources */ = {isa = PBXBuildFile; fileRef = 6D33125A27F95BDD00294D48 /* Endpoint.swift */; };
		6D33125E27F95C2F00294D48 /* Services.swift in Sources */ = {isa = PBXBuildFile; fileRef = 6D33125D27F95C2F00294D48 /* Services.swift */; };
		6D33125F27F95C2F00294D48 /* Services.swift in Sources */ = {isa = PBXBuildFile; fileRef = 6D33125D27F95C2F00294D48 /* Services.swift */; };
		6D33126227F95EA500294D48 /* MovieModel.swift in Sources */ = {isa = PBXBuildFile; fileRef = 6D33126127F95EA500294D48 /* MovieModel.swift */; };
		6D33126327F95EA500294D48 /* MovieModel.swift in Sources */ = {isa = PBXBuildFile; fileRef = 6D33126127F95EA500294D48 /* MovieModel.swift */; };
		6D33126627F9F3A100294D48 /* ListMovieViewModel.swift in Sources */ = {isa = PBXBuildFile; fileRef = 6D33126527F9F3A100294D48 /* ListMovieViewModel.swift */; };
		6D33126727F9F3A100294D48 /* ListMovieViewModel.swift in Sources */ = {isa = PBXBuildFile; fileRef = 6D33126527F9F3A100294D48 /* ListMovieViewModel.swift */; };
		6D33126927FA23E400294D48 /* ListMovieTableViewController.swift in Sources */ = {isa = PBXBuildFile; fileRef = 6D33126827FA23E400294D48 /* ListMovieTableViewController.swift */; };
		6D33126A27FA23E400294D48 /* ListMovieTableViewController.swift in Sources */ = {isa = PBXBuildFile; fileRef = 6D33126827FA23E400294D48 /* ListMovieTableViewController.swift */; };
		6D33126E27FA3E8800294D48 /* MovieTableViewCell.swift in Sources */ = {isa = PBXBuildFile; fileRef = 6D33126C27FA3E8800294D48 /* MovieTableViewCell.swift */; };
		6D33126F27FA3E8800294D48 /* MovieTableViewCell.swift in Sources */ = {isa = PBXBuildFile; fileRef = 6D33126C27FA3E8800294D48 /* MovieTableViewCell.swift */; };
		6D33127027FA3E8800294D48 /* MovieTableViewCell.xib in Resources */ = {isa = PBXBuildFile; fileRef = 6D33126D27FA3E8800294D48 /* MovieTableViewCell.xib */; };
		6D33127127FA3E8800294D48 /* MovieTableViewCell.xib in Resources */ = {isa = PBXBuildFile; fileRef = 6D33126D27FA3E8800294D48 /* MovieTableViewCell.xib */; };
		6D6B129127FAD2C9008CDAD4 /* DetailMovieViewController.swift in Sources */ = {isa = PBXBuildFile; fileRef = 6D6B129027FAD2C9008CDAD4 /* DetailMovieViewController.swift */; };
		6D6B129227FAD2C9008CDAD4 /* DetailMovieViewController.swift in Sources */ = {isa = PBXBuildFile; fileRef = 6D6B129027FAD2C9008CDAD4 /* DetailMovieViewController.swift */; };
		6D6B129D27FAE1F8008CDAD4 /* Model.xcdatamodeld in Sources */ = {isa = PBXBuildFile; fileRef = 6D6B129B27FAE1F7008CDAD4 /* Model.xcdatamodeld */; };
		6D6B129E27FAE1F8008CDAD4 /* Model.xcdatamodeld in Sources */ = {isa = PBXBuildFile; fileRef = 6D6B129B27FAE1F7008CDAD4 /* Model.xcdatamodeld */; };
		6D6B12A027FB3A4E008CDAD4 /* MovieCoreData.swift in Sources */ = {isa = PBXBuildFile; fileRef = 6D6B129F27FB3A4E008CDAD4 /* MovieCoreData.swift */; };
		6D6B12A127FB3A4E008CDAD4 /* MovieCoreData.swift in Sources */ = {isa = PBXBuildFile; fileRef = 6D6B129F27FB3A4E008CDAD4 /* MovieCoreData.swift */; };
		6DC13C7B27F776690017C4C4 /* AppDelegate.swift in Sources */ = {isa = PBXBuildFile; fileRef = 6DC13C7A27F776690017C4C4 /* AppDelegate.swift */; };
		6DC13C7D27F776690017C4C4 /* SceneDelegate.swift in Sources */ = {isa = PBXBuildFile; fileRef = 6DC13C7C27F776690017C4C4 /* SceneDelegate.swift */; };
		6DC13C8427F7766A0017C4C4 /* Assets.xcassets in Resources */ = {isa = PBXBuildFile; fileRef = 6DC13C8327F7766A0017C4C4 /* Assets.xcassets */; };
		6DC13C8727F7766A0017C4C4 /* LaunchScreen.storyboard in Resources */ = {isa = PBXBuildFile; fileRef = 6DC13C8527F7766A0017C4C4 /* LaunchScreen.storyboard */; };
		6DC13C9227F7766A0017C4C4 /* MobilPelisTests.swift in Sources */ = {isa = PBXBuildFile; fileRef = 6DC13C9127F7766A0017C4C4 /* MobilPelisTests.swift */; };
		6DC13C9C27F7766A0017C4C4 /* MobilPelisUITests.swift in Sources */ = {isa = PBXBuildFile; fileRef = 6DC13C9B27F7766A0017C4C4 /* MobilPelisUITests.swift */; };
		6DC13C9E27F7766A0017C4C4 /* MobilPelisUITestsLaunchTests.swift in Sources */ = {isa = PBXBuildFile; fileRef = 6DC13C9D27F7766A0017C4C4 /* MobilPelisUITestsLaunchTests.swift */; };
		6DC13CB527F787EA0017C4C4 /* AppDelegate.swift in Sources */ = {isa = PBXBuildFile; fileRef = 6DC13C7A27F776690017C4C4 /* AppDelegate.swift */; };
		6DC13CB627F787EA0017C4C4 /* SceneDelegate.swift in Sources */ = {isa = PBXBuildFile; fileRef = 6DC13C7C27F776690017C4C4 /* SceneDelegate.swift */; };
		6DC13CBA27F787EA0017C4C4 /* LaunchScreen.storyboard in Resources */ = {isa = PBXBuildFile; fileRef = 6DC13C8527F7766A0017C4C4 /* LaunchScreen.storyboard */; };
		6DC13CBB27F787EA0017C4C4 /* Assets.xcassets in Resources */ = {isa = PBXBuildFile; fileRef = 6DC13C8327F7766A0017C4C4 /* Assets.xcassets */; };
		6DC13CCC27F789430017C4C4 /* LoginViewController.swift in Sources */ = {isa = PBXBuildFile; fileRef = 6DC13CCB27F789430017C4C4 /* LoginViewController.swift */; };
		6DC13CCD27F789430017C4C4 /* LoginViewController.swift in Sources */ = {isa = PBXBuildFile; fileRef = 6DC13CCB27F789430017C4C4 /* LoginViewController.swift */; };
		6DC13CCF27F789560017C4C4 /* Login.storyboard in Resources */ = {isa = PBXBuildFile; fileRef = 6DC13CCE27F789560017C4C4 /* Login.storyboard */; };
		6DC13CD027F789560017C4C4 /* Login.storyboard in Resources */ = {isa = PBXBuildFile; fileRef = 6DC13CCE27F789560017C4C4 /* Login.storyboard */; };
		A62C8409635B7D119E5C0333 /* Pods_MobilPelisDev.framework in Frameworks */ = {isa = PBXBuildFile; fileRef = 58A18C53B8E3CBE7EE2D814B /* Pods_MobilPelisDev.framework */; };
		B3D6C12619C9412A682B2617 /* Pods_MobilPelisTests.framework in Frameworks */ = {isa = PBXBuildFile; fileRef = 5E180AFDF228A0190F01D6D1 /* Pods_MobilPelisTests.framework */; };
/* End PBXBuildFile section */

/* Begin PBXContainerItemProxy section */
		6DC13C8E27F7766A0017C4C4 /* PBXContainerItemProxy */ = {
			isa = PBXContainerItemProxy;
			containerPortal = 6DC13C6F27F776690017C4C4 /* Project object */;
			proxyType = 1;
			remoteGlobalIDString = 6DC13C7627F776690017C4C4;
			remoteInfo = MobilPelis;
		};
		6DC13C9827F7766A0017C4C4 /* PBXContainerItemProxy */ = {
			isa = PBXContainerItemProxy;
			containerPortal = 6DC13C6F27F776690017C4C4 /* Project object */;
			proxyType = 1;
			remoteGlobalIDString = 6DC13C7627F776690017C4C4;
			remoteInfo = MobilPelis;
		};
		6DC13D0D27F7A0990017C4C4 /* PBXContainerItemProxy */ = {
			isa = PBXContainerItemProxy;
			containerPortal = 6DC13C6F27F776690017C4C4 /* Project object */;
			proxyType = 1;
			remoteGlobalIDString = 6DC13CB227F787EA0017C4C4;
			remoteInfo = MobilPelisDev;
		};
		6DC13D0F27F7A09C0017C4C4 /* PBXContainerItemProxy */ = {
			isa = PBXContainerItemProxy;
			containerPortal = 6DC13C6F27F776690017C4C4 /* Project object */;
			proxyType = 1;
			remoteGlobalIDString = 6DC13CB227F787EA0017C4C4;
			remoteInfo = MobilPelisDev;
		};
/* End PBXContainerItemProxy section */

/* Begin PBXFileReference section */
		164DC8586A4976A83D8AC3BC /* Pods_MobilPelisProd.framework */ = {isa = PBXFileReference; explicitFileType = wrapper.framework; includeInIndex = 0; path = Pods_MobilPelisProd.framework; sourceTree = BUILT_PRODUCTS_DIR; };
		3EAFEB15B3882777D941AB4D /* Pods-MobilPelisProd.release.xcconfig */ = {isa = PBXFileReference; includeInIndex = 1; lastKnownFileType = text.xcconfig; name = "Pods-MobilPelisProd.release.xcconfig"; path = "Target Support Files/Pods-MobilPelisProd/Pods-MobilPelisProd.release.xcconfig"; sourceTree = "<group>"; };
		58A18C53B8E3CBE7EE2D814B /* Pods_MobilPelisDev.framework */ = {isa = PBXFileReference; explicitFileType = wrapper.framework; includeInIndex = 0; path = Pods_MobilPelisDev.framework; sourceTree = BUILT_PRODUCTS_DIR; };
		5E180AFDF228A0190F01D6D1 /* Pods_MobilPelisTests.framework */ = {isa = PBXFileReference; explicitFileType = wrapper.framework; includeInIndex = 0; path = Pods_MobilPelisTests.framework; sourceTree = BUILT_PRODUCTS_DIR; };
		6D33124627F821E200294D48 /* UserModel.swift */ = {isa = PBXFileReference; lastKnownFileType = sourcecode.swift; path = UserModel.swift; sourceTree = "<group>"; };
		6D33124927F8AB8900294D48 /* LoginViewModel.swift */ = {isa = PBXFileReference; lastKnownFileType = sourcecode.swift; path = LoginViewModel.swift; sourceTree = "<group>"; };
		6D33124E27F8B69300294D48 /* UIViewController.swift */ = {isa = PBXFileReference; lastKnownFileType = sourcecode.swift; path = UIViewController.swift; sourceTree = "<group>"; };
		6D33125527F9276A00294D48 /* ListMovie.storyboard */ = {isa = PBXFileReference; lastKnownFileType = file.storyboard; path = ListMovie.storyboard; sourceTree = "<group>"; };
		6D33125A27F95BDD00294D48 /* Endpoint.swift */ = {isa = PBXFileReference; lastKnownFileType = sourcecode.swift; path = Endpoint.swift; sourceTree = "<group>"; };
		6D33125D27F95C2F00294D48 /* Services.swift */ = {isa = PBXFileReference; lastKnownFileType = sourcecode.swift; path = Services.swift; sourceTree = "<group>"; };
		6D33126127F95EA500294D48 /* MovieModel.swift */ = {isa = PBXFileReference; lastKnownFileType = sourcecode.swift; path = MovieModel.swift; sourceTree = "<group>"; };
		6D33126527F9F3A100294D48 /* ListMovieViewModel.swift */ = {isa = PBXFileReference; lastKnownFileType = sourcecode.swift; path = ListMovieViewModel.swift; sourceTree = "<group>"; };
		6D33126827FA23E400294D48 /* ListMovieTableViewController.swift */ = {isa = PBXFileReference; lastKnownFileType = sourcecode.swift; path = ListMovieTableViewController.swift; sourceTree = "<group>"; };
		6D33126C27FA3E8800294D48 /* MovieTableViewCell.swift */ = {isa = PBXFileReference; lastKnownFileType = sourcecode.swift; path = MovieTableViewCell.swift; sourceTree = "<group>"; };
		6D33126D27FA3E8800294D48 /* MovieTableViewCell.xib */ = {isa = PBXFileReference; lastKnownFileType = file.xib; path = MovieTableViewCell.xib; sourceTree = "<group>"; };
		6D6B129027FAD2C9008CDAD4 /* DetailMovieViewController.swift */ = {isa = PBXFileReference; lastKnownFileType = sourcecode.swift; path = DetailMovieViewController.swift; sourceTree = "<group>"; };
		6D6B129C27FAE1F8008CDAD4 /* Model.xcdatamodel */ = {isa = PBXFileReference; lastKnownFileType = wrapper.xcdatamodel; path = Model.xcdatamodel; sourceTree = "<group>"; };
		6D6B129F27FB3A4E008CDAD4 /* MovieCoreData.swift */ = {isa = PBXFileReference; lastKnownFileType = sourcecode.swift; path = MovieCoreData.swift; sourceTree = "<group>"; };
		6DC13C7727F776690017C4C4 /* MobilPelisProd.app */ = {isa = PBXFileReference; explicitFileType = wrapper.application; includeInIndex = 0; path = MobilPelisProd.app; sourceTree = BUILT_PRODUCTS_DIR; };
		6DC13C7A27F776690017C4C4 /* AppDelegate.swift */ = {isa = PBXFileReference; lastKnownFileType = sourcecode.swift; path = AppDelegate.swift; sourceTree = "<group>"; };
		6DC13C7C27F776690017C4C4 /* SceneDelegate.swift */ = {isa = PBXFileReference; lastKnownFileType = sourcecode.swift; path = SceneDelegate.swift; sourceTree = "<group>"; };
		6DC13C8327F7766A0017C4C4 /* Assets.xcassets */ = {isa = PBXFileReference; lastKnownFileType = folder.assetcatalog; path = Assets.xcassets; sourceTree = "<group>"; };
		6DC13C8627F7766A0017C4C4 /* Base */ = {isa = PBXFileReference; lastKnownFileType = file.storyboard; name = Base; path = Base.lproj/LaunchScreen.storyboard; sourceTree = "<group>"; };
		6DC13C8827F7766A0017C4C4 /* MobilPelisProd.plist */ = {isa = PBXFileReference; lastKnownFileType = text.plist.xml; name = MobilPelisProd.plist; path = MobilPelis/Application/MobilPelisProd.plist; sourceTree = SOURCE_ROOT; };
		6DC13C8D27F7766A0017C4C4 /* MobilPelisTests.xctest */ = {isa = PBXFileReference; explicitFileType = wrapper.cfbundle; includeInIndex = 0; path = MobilPelisTests.xctest; sourceTree = BUILT_PRODUCTS_DIR; };
		6DC13C9127F7766A0017C4C4 /* MobilPelisTests.swift */ = {isa = PBXFileReference; lastKnownFileType = sourcecode.swift; path = MobilPelisTests.swift; sourceTree = "<group>"; };
		6DC13C9727F7766A0017C4C4 /* MobilPelisUITests.xctest */ = {isa = PBXFileReference; explicitFileType = wrapper.cfbundle; includeInIndex = 0; path = MobilPelisUITests.xctest; sourceTree = BUILT_PRODUCTS_DIR; };
		6DC13C9B27F7766A0017C4C4 /* MobilPelisUITests.swift */ = {isa = PBXFileReference; lastKnownFileType = sourcecode.swift; path = MobilPelisUITests.swift; sourceTree = "<group>"; };
		6DC13C9D27F7766A0017C4C4 /* MobilPelisUITestsLaunchTests.swift */ = {isa = PBXFileReference; lastKnownFileType = sourcecode.swift; path = MobilPelisUITestsLaunchTests.swift; sourceTree = "<group>"; };
		6DC13CBF27F787EA0017C4C4 /* MobilPelisDev.app */ = {isa = PBXFileReference; explicitFileType = wrapper.application; includeInIndex = 0; path = MobilPelisDev.app; sourceTree = BUILT_PRODUCTS_DIR; };
		6DC13CC127F788300017C4C4 /* MobilPelisDev.plist */ = {isa = PBXFileReference; lastKnownFileType = text.plist.xml; name = MobilPelisDev.plist; path = MobilPelis/Application/MobilPelisDev.plist; sourceTree = SOURCE_ROOT; };
		6DC13CCB27F789430017C4C4 /* LoginViewController.swift */ = {isa = PBXFileReference; lastKnownFileType = sourcecode.swift; path = LoginViewController.swift; sourceTree = "<group>"; };
		6DC13CCE27F789560017C4C4 /* Login.storyboard */ = {isa = PBXFileReference; lastKnownFileType = file.storyboard; path = Login.storyboard; sourceTree = "<group>"; };
		79E29562084CF5C9D7D26279 /* Pods-MobilPelisProd.debug.xcconfig */ = {isa = PBXFileReference; includeInIndex = 1; lastKnownFileType = text.xcconfig; name = "Pods-MobilPelisProd.debug.xcconfig"; path = "Target Support Files/Pods-MobilPelisProd/Pods-MobilPelisProd.debug.xcconfig"; sourceTree = "<group>"; };
		7E362533E53DC0ACC23EDCE8 /* Pods_MobilPelisDev_MobilPelisUITests.framework */ = {isa = PBXFileReference; explicitFileType = wrapper.framework; includeInIndex = 0; path = Pods_MobilPelisDev_MobilPelisUITests.framework; sourceTree = BUILT_PRODUCTS_DIR; };
		BDAAD4E7B7216461D6C7593A /* Pods-MobilPelisTests.release.xcconfig */ = {isa = PBXFileReference; includeInIndex = 1; lastKnownFileType = text.xcconfig; name = "Pods-MobilPelisTests.release.xcconfig"; path = "Target Support Files/Pods-MobilPelisTests/Pods-MobilPelisTests.release.xcconfig"; sourceTree = "<group>"; };
		C28B1722E67972A341F7CF7B /* Pods-MobilPelisTests.debug.xcconfig */ = {isa = PBXFileReference; includeInIndex = 1; lastKnownFileType = text.xcconfig; name = "Pods-MobilPelisTests.debug.xcconfig"; path = "Target Support Files/Pods-MobilPelisTests/Pods-MobilPelisTests.debug.xcconfig"; sourceTree = "<group>"; };
		C3082EC2343FC7291B2881DE /* Pods-MobilPelisDev.debug.xcconfig */ = {isa = PBXFileReference; includeInIndex = 1; lastKnownFileType = text.xcconfig; name = "Pods-MobilPelisDev.debug.xcconfig"; path = "Target Support Files/Pods-MobilPelisDev/Pods-MobilPelisDev.debug.xcconfig"; sourceTree = "<group>"; };
		F5159AE5F5FF29DA1F1993E6 /* Pods-MobilPelisDev.release.xcconfig */ = {isa = PBXFileReference; includeInIndex = 1; lastKnownFileType = text.xcconfig; name = "Pods-MobilPelisDev.release.xcconfig"; path = "Target Support Files/Pods-MobilPelisDev/Pods-MobilPelisDev.release.xcconfig"; sourceTree = "<group>"; };
		F61A8ED1A523E74D59AF29FC /* Pods-MobilPelisDev-MobilPelisUITests.debug.xcconfig */ = {isa = PBXFileReference; includeInIndex = 1; lastKnownFileType = text.xcconfig; name = "Pods-MobilPelisDev-MobilPelisUITests.debug.xcconfig"; path = "Target Support Files/Pods-MobilPelisDev-MobilPelisUITests/Pods-MobilPelisDev-MobilPelisUITests.debug.xcconfig"; sourceTree = "<group>"; };
		FFD6298415D04B7167ECC4B4 /* Pods-MobilPelisDev-MobilPelisUITests.release.xcconfig */ = {isa = PBXFileReference; includeInIndex = 1; lastKnownFileType = text.xcconfig; name = "Pods-MobilPelisDev-MobilPelisUITests.release.xcconfig"; path = "Target Support Files/Pods-MobilPelisDev-MobilPelisUITests/Pods-MobilPelisDev-MobilPelisUITests.release.xcconfig"; sourceTree = "<group>"; };
/* End PBXFileReference section */

/* Begin PBXFrameworksBuildPhase section */
		6DC13C7427F776690017C4C4 /* Frameworks */ = {
			isa = PBXFrameworksBuildPhase;
			buildActionMask = 2147483647;
			files = (
				26117C9029578E7E3474AD80 /* Pods_MobilPelisProd.framework in Frameworks */,
			);
			runOnlyForDeploymentPostprocessing = 0;
		};
		6DC13C8A27F7766A0017C4C4 /* Frameworks */ = {
			isa = PBXFrameworksBuildPhase;
			buildActionMask = 2147483647;
			files = (
				B3D6C12619C9412A682B2617 /* Pods_MobilPelisTests.framework in Frameworks */,
			);
			runOnlyForDeploymentPostprocessing = 0;
		};
		6DC13C9427F7766A0017C4C4 /* Frameworks */ = {
			isa = PBXFrameworksBuildPhase;
			buildActionMask = 2147483647;
			files = (
				2FCBA293058CA94A08D23CDD /* Pods_MobilPelisDev_MobilPelisUITests.framework in Frameworks */,
			);
			runOnlyForDeploymentPostprocessing = 0;
		};
		6DC13CB727F787EA0017C4C4 /* Frameworks */ = {
			isa = PBXFrameworksBuildPhase;
			buildActionMask = 2147483647;
			files = (
				A62C8409635B7D119E5C0333 /* Pods_MobilPelisDev.framework in Frameworks */,
			);
			runOnlyForDeploymentPostprocessing = 0;
		};
/* End PBXFrameworksBuildPhase section */

/* Begin PBXGroup section */
		1BCC9ED09BD6572C3A8906CA /* Pods */ = {
			isa = PBXGroup;
			children = (
				79E29562084CF5C9D7D26279 /* Pods-MobilPelisProd.debug.xcconfig */,
				3EAFEB15B3882777D941AB4D /* Pods-MobilPelisProd.release.xcconfig */,
				C3082EC2343FC7291B2881DE /* Pods-MobilPelisDev.debug.xcconfig */,
				F5159AE5F5FF29DA1F1993E6 /* Pods-MobilPelisDev.release.xcconfig */,
				F61A8ED1A523E74D59AF29FC /* Pods-MobilPelisDev-MobilPelisUITests.debug.xcconfig */,
				FFD6298415D04B7167ECC4B4 /* Pods-MobilPelisDev-MobilPelisUITests.release.xcconfig */,
				C28B1722E67972A341F7CF7B /* Pods-MobilPelisTests.debug.xcconfig */,
				BDAAD4E7B7216461D6C7593A /* Pods-MobilPelisTests.release.xcconfig */,
			);
			path = Pods;
			sourceTree = "<group>";
		};
		6064656E84A338CA4AD3B2E9 /* Frameworks */ = {
			isa = PBXGroup;
			children = (
				164DC8586A4976A83D8AC3BC /* Pods_MobilPelisProd.framework */,
				58A18C53B8E3CBE7EE2D814B /* Pods_MobilPelisDev.framework */,
				7E362533E53DC0ACC23EDCE8 /* Pods_MobilPelisDev_MobilPelisUITests.framework */,
				5E180AFDF228A0190F01D6D1 /* Pods_MobilPelisTests.framework */,
			);
			name = Frameworks;
			sourceTree = "<group>";
		};
		6D33124C27F8AB9000294D48 /* Login */ = {
			isa = PBXGroup;
			children = (
				6D33124927F8AB8900294D48 /* LoginViewModel.swift */,
			);
			path = Login;
			sourceTree = "<group>";
		};
		6D33124D27F8B67900294D48 /* Extensions */ = {
			isa = PBXGroup;
			children = (
				6D33124E27F8B69300294D48 /* UIViewController.swift */,
			);
			path = Extensions;
			sourceTree = "<group>";
		};
		6D33125127F9273000294D48 /* ListMovie */ = {
			isa = PBXGroup;
			children = (
				6D6B128F27FACCAF008CDAD4 /* Detail */,
				6D33126B27FA3E5400294D48 /* Cell */,
				6D33125527F9276A00294D48 /* ListMovie.storyboard */,
				6D33126827FA23E400294D48 /* ListMovieTableViewController.swift */,
			);
			path = ListMovie;
			sourceTree = "<group>";
		};
		6D33125827F95B7500294D48 /* Network */ = {
			isa = PBXGroup;
			children = (
				6D33125A27F95BDD00294D48 /* Endpoint.swift */,
				6D33125D27F95C2F00294D48 /* Services.swift */,
			);
			path = Network;
			sourceTree = "<group>";
		};
		6D33126427F9F37200294D48 /* ListMovie */ = {
			isa = PBXGroup;
			children = (
				6D33126527F9F3A100294D48 /* ListMovieViewModel.swift */,
			);
			path = ListMovie;
			sourceTree = "<group>";
		};
		6D33126B27FA3E5400294D48 /* Cell */ = {
			isa = PBXGroup;
			children = (
				6D33126C27FA3E8800294D48 /* MovieTableViewCell.swift */,
				6D33126D27FA3E8800294D48 /* MovieTableViewCell.xib */,
			);
			path = Cell;
			sourceTree = "<group>";
		};
		6D6B128F27FACCAF008CDAD4 /* Detail */ = {
			isa = PBXGroup;
			children = (
				6D6B129027FAD2C9008CDAD4 /* DetailMovieViewController.swift */,
			);
			path = Detail;
			sourceTree = "<group>";
		};
		6DC13C6E27F776690017C4C4 = {
			isa = PBXGroup;
			children = (
				6DC13C7927F776690017C4C4 /* MobilPelis */,
				6DC13C9027F7766A0017C4C4 /* MobilPelisTests */,
				6DC13C9A27F7766A0017C4C4 /* MobilPelisUITests */,
				6DC13C7827F776690017C4C4 /* Products */,
				1BCC9ED09BD6572C3A8906CA /* Pods */,
				6064656E84A338CA4AD3B2E9 /* Frameworks */,
			);
			sourceTree = "<group>";
		};
		6DC13C7827F776690017C4C4 /* Products */ = {
			isa = PBXGroup;
			children = (
				6DC13C7727F776690017C4C4 /* MobilPelisProd.app */,
				6DC13C8D27F7766A0017C4C4 /* MobilPelisTests.xctest */,
				6DC13C9727F7766A0017C4C4 /* MobilPelisUITests.xctest */,
				6DC13CBF27F787EA0017C4C4 /* MobilPelisDev.app */,
			);
			name = Products;
			sourceTree = "<group>";
		};
		6DC13C7927F776690017C4C4 /* MobilPelis */ = {
			isa = PBXGroup;
			children = (
				6DC13CAA27F777860017C4C4 /* Application */,
				6DC13CAD27F777D60017C4C4 /* Common */,
				6DC13CAB27F777940017C4C4 /* Resources */,
				6DC13CB027F785680017C4C4 /* Model */,
				6DC13CAC27F7779B0017C4C4 /* View */,
				6DC13CAF27F785340017C4C4 /* ViewModel */,
			);
			path = MobilPelis;
			sourceTree = "<group>";
		};
		6DC13C9027F7766A0017C4C4 /* MobilPelisTests */ = {
			isa = PBXGroup;
			children = (
				6DC13C9127F7766A0017C4C4 /* MobilPelisTests.swift */,
			);
			path = MobilPelisTests;
			sourceTree = "<group>";
		};
		6DC13C9A27F7766A0017C4C4 /* MobilPelisUITests */ = {
			isa = PBXGroup;
			children = (
				6DC13C9B27F7766A0017C4C4 /* MobilPelisUITests.swift */,
				6DC13C9D27F7766A0017C4C4 /* MobilPelisUITestsLaunchTests.swift */,
			);
			path = MobilPelisUITests;
			sourceTree = "<group>";
		};
		6DC13CAA27F777860017C4C4 /* Application */ = {
			isa = PBXGroup;
			children = (
				6DC13C7A27F776690017C4C4 /* AppDelegate.swift */,
				6DC13C7C27F776690017C4C4 /* SceneDelegate.swift */,
				6DC13C8527F7766A0017C4C4 /* LaunchScreen.storyboard */,
				6DC13C8827F7766A0017C4C4 /* MobilPelisProd.plist */,
				6DC13CC127F788300017C4C4 /* MobilPelisDev.plist */,
				6D6B129B27FAE1F7008CDAD4 /* Model.xcdatamodeld */,
				6D6B129F27FB3A4E008CDAD4 /* MovieCoreData.swift */,
			);
			path = Application;
			sourceTree = "<group>";
		};
		6DC13CAB27F777940017C4C4 /* Resources */ = {
			isa = PBXGroup;
			children = (
				6DC13C8327F7766A0017C4C4 /* Assets.xcassets */,
			);
			path = Resources;
			sourceTree = "<group>";
		};
		6DC13CAC27F7779B0017C4C4 /* View */ = {
			isa = PBXGroup;
			children = (
				6D33125127F9273000294D48 /* ListMovie */,
				6DC13CB127F787AD0017C4C4 /* Login */,
			);
			path = View;
			sourceTree = "<group>";
		};
		6DC13CAD27F777D60017C4C4 /* Common */ = {
			isa = PBXGroup;
			children = (
				6D33125827F95B7500294D48 /* Network */,
				6D33124D27F8B67900294D48 /* Extensions */,
			);
			path = Common;
			sourceTree = "<group>";
		};
		6DC13CAF27F785340017C4C4 /* ViewModel */ = {
			isa = PBXGroup;
			children = (
				6D33126427F9F37200294D48 /* ListMovie */,
				6D33124C27F8AB9000294D48 /* Login */,
			);
			path = ViewModel;
			sourceTree = "<group>";
		};
		6DC13CB027F785680017C4C4 /* Model */ = {
			isa = PBXGroup;
			children = (
				6D33124627F821E200294D48 /* UserModel.swift */,
				6D33126127F95EA500294D48 /* MovieModel.swift */,
			);
			path = Model;
			sourceTree = "<group>";
		};
		6DC13CB127F787AD0017C4C4 /* Login */ = {
			isa = PBXGroup;
			children = (
				6DC13CCB27F789430017C4C4 /* LoginViewController.swift */,
				6DC13CCE27F789560017C4C4 /* Login.storyboard */,
			);
			path = Login;
			sourceTree = "<group>";
		};
/* End PBXGroup section */

/* Begin PBXNativeTarget section */
		6DC13C7627F776690017C4C4 /* MobilPelisProd */ = {
			isa = PBXNativeTarget;
			buildConfigurationList = 6DC13CA127F7766A0017C4C4 /* Build configuration list for PBXNativeTarget "MobilPelisProd" */;
			buildPhases = (
				BEDAEE5582B07D238E0D18D3 /* [CP] Check Pods Manifest.lock */,
				6DC13C7327F776690017C4C4 /* Sources */,
				6DC13C7427F776690017C4C4 /* Frameworks */,
				6DC13C7527F776690017C4C4 /* Resources */,
				22A05199A254EFBF721A5A1A /* [CP] Embed Pods Frameworks */,
			);
			buildRules = (
			);
			dependencies = (
			);
			name = MobilPelisProd;
			productName = MobilPelis;
			productReference = 6DC13C7727F776690017C4C4 /* MobilPelisProd.app */;
			productType = "com.apple.product-type.application";
		};
		6DC13C8C27F7766A0017C4C4 /* MobilPelisTests */ = {
			isa = PBXNativeTarget;
			buildConfigurationList = 6DC13CA427F7766A0017C4C4 /* Build configuration list for PBXNativeTarget "MobilPelisTests" */;
			buildPhases = (
				4394AD5073B1F6FFF8FE8A34 /* [CP] Check Pods Manifest.lock */,
				6DC13C8927F7766A0017C4C4 /* Sources */,
				6DC13C8A27F7766A0017C4C4 /* Frameworks */,
				6DC13C8B27F7766A0017C4C4 /* Resources */,
			);
			buildRules = (
			);
			dependencies = (
				6DC13C8F27F7766A0017C4C4 /* PBXTargetDependency */,
				6DC13D0E27F7A0990017C4C4 /* PBXTargetDependency */,
			);
			name = MobilPelisTests;
			productName = MobilPelisTests;
			productReference = 6DC13C8D27F7766A0017C4C4 /* MobilPelisTests.xctest */;
			productType = "com.apple.product-type.bundle.unit-test";
		};
		6DC13C9627F7766A0017C4C4 /* MobilPelisUITests */ = {
			isa = PBXNativeTarget;
			buildConfigurationList = 6DC13CA727F7766A0017C4C4 /* Build configuration list for PBXNativeTarget "MobilPelisUITests" */;
			buildPhases = (
				94C3383D06DE53E60B4F5AA1 /* [CP] Check Pods Manifest.lock */,
				6DC13C9327F7766A0017C4C4 /* Sources */,
				6DC13C9427F7766A0017C4C4 /* Frameworks */,
				6DC13C9527F7766A0017C4C4 /* Resources */,
				F0DF84D19DFE9422641F2F1A /* [CP] Embed Pods Frameworks */,
			);
			buildRules = (
			);
			dependencies = (
				6DC13C9927F7766A0017C4C4 /* PBXTargetDependency */,
				6DC13D1027F7A09C0017C4C4 /* PBXTargetDependency */,
			);
			name = MobilPelisUITests;
			productName = MobilPelisUITests;
			productReference = 6DC13C9727F7766A0017C4C4 /* MobilPelisUITests.xctest */;
			productType = "com.apple.product-type.bundle.ui-testing";
		};
		6DC13CB227F787EA0017C4C4 /* MobilPelisDev */ = {
			isa = PBXNativeTarget;
			buildConfigurationList = 6DC13CBC27F787EA0017C4C4 /* Build configuration list for PBXNativeTarget "MobilPelisDev" */;
			buildPhases = (
				D5281FCEDEA9B6675853D1E2 /* [CP] Check Pods Manifest.lock */,
				6DC13CB427F787EA0017C4C4 /* Sources */,
				6DC13CB727F787EA0017C4C4 /* Frameworks */,
				6DC13CB927F787EA0017C4C4 /* Resources */,
				1D4092158A5EBD4292B2FFBA /* [CP] Embed Pods Frameworks */,
			);
			buildRules = (
			);
			dependencies = (
			);
			name = MobilPelisDev;
			productName = MobilPelis;
			productReference = 6DC13CBF27F787EA0017C4C4 /* MobilPelisDev.app */;
			productType = "com.apple.product-type.application";
		};
/* End PBXNativeTarget section */

/* Begin PBXProject section */
		6DC13C6F27F776690017C4C4 /* Project object */ = {
			isa = PBXProject;
			attributes = {
				BuildIndependentTargetsInParallel = 1;
				LastSwiftUpdateCheck = 1330;
				LastUpgradeCheck = 1330;
				TargetAttributes = {
					6DC13C7627F776690017C4C4 = {
						CreatedOnToolsVersion = 13.3;
					};
					6DC13C8C27F7766A0017C4C4 = {
						CreatedOnToolsVersion = 13.3;
						TestTargetID = 6DC13CB227F787EA0017C4C4;
					};
					6DC13C9627F7766A0017C4C4 = {
						CreatedOnToolsVersion = 13.3;
						TestTargetID = 6DC13CB227F787EA0017C4C4;
					};
				};
			};
			buildConfigurationList = 6DC13C7227F776690017C4C4 /* Build configuration list for PBXProject "MobilPelis" */;
			compatibilityVersion = "Xcode 13.0";
			developmentRegion = en;
			hasScannedForEncodings = 0;
			knownRegions = (
				en,
				Base,
			);
			mainGroup = 6DC13C6E27F776690017C4C4;
			productRefGroup = 6DC13C7827F776690017C4C4 /* Products */;
			projectDirPath = "";
			projectRoot = "";
			targets = (
				6DC13C7627F776690017C4C4 /* MobilPelisProd */,
				6DC13C8C27F7766A0017C4C4 /* MobilPelisTests */,
				6DC13C9627F7766A0017C4C4 /* MobilPelisUITests */,
				6DC13CB227F787EA0017C4C4 /* MobilPelisDev */,
			);
		};
/* End PBXProject section */

/* Begin PBXResourcesBuildPhase section */
		6DC13C7527F776690017C4C4 /* Resources */ = {
			isa = PBXResourcesBuildPhase;
			buildActionMask = 2147483647;
			files = (
				6DC13C8727F7766A0017C4C4 /* LaunchScreen.storyboard in Resources */,
				6D33127027FA3E8800294D48 /* MovieTableViewCell.xib in Resources */,
				6DC13C8427F7766A0017C4C4 /* Assets.xcassets in Resources */,
				6DC13CCF27F789560017C4C4 /* Login.storyboard in Resources */,
				6D33125627F9276A00294D48 /* ListMovie.storyboard in Resources */,
			);
			runOnlyForDeploymentPostprocessing = 0;
		};
		6DC13C8B27F7766A0017C4C4 /* Resources */ = {
			isa = PBXResourcesBuildPhase;
			buildActionMask = 2147483647;
			files = (
			);
			runOnlyForDeploymentPostprocessing = 0;
		};
		6DC13C9527F7766A0017C4C4 /* Resources */ = {
			isa = PBXResourcesBuildPhase;
			buildActionMask = 2147483647;
			files = (
			);
			runOnlyForDeploymentPostprocessing = 0;
		};
		6DC13CB927F787EA0017C4C4 /* Resources */ = {
			isa = PBXResourcesBuildPhase;
			buildActionMask = 2147483647;
			files = (
				6DC13CBA27F787EA0017C4C4 /* LaunchScreen.storyboard in Resources */,
				6D33127127FA3E8800294D48 /* MovieTableViewCell.xib in Resources */,
				6DC13CBB27F787EA0017C4C4 /* Assets.xcassets in Resources */,
				6DC13CD027F789560017C4C4 /* Login.storyboard in Resources */,
				6D33125727F9276A00294D48 /* ListMovie.storyboard in Resources */,
			);
			runOnlyForDeploymentPostprocessing = 0;
		};
/* End PBXResourcesBuildPhase section */

/* Begin PBXShellScriptBuildPhase section */
		1D4092158A5EBD4292B2FFBA /* [CP] Embed Pods Frameworks */ = {
			isa = PBXShellScriptBuildPhase;
			buildActionMask = 2147483647;
			files = (
			);
			inputFileListPaths = (
				"${PODS_ROOT}/Target Support Files/Pods-MobilPelisDev/Pods-MobilPelisDev-frameworks-${CONFIGURATION}-input-files.xcfilelist",
			);
			name = "[CP] Embed Pods Frameworks";
			outputFileListPaths = (
				"${PODS_ROOT}/Target Support Files/Pods-MobilPelisDev/Pods-MobilPelisDev-frameworks-${CONFIGURATION}-output-files.xcfilelist",
			);
			runOnlyForDeploymentPostprocessing = 0;
			shellPath = /bin/sh;
			shellScript = "\"${PODS_ROOT}/Target Support Files/Pods-MobilPelisDev/Pods-MobilPelisDev-frameworks.sh\"\n";
			showEnvVarsInLog = 0;
		};
		22A05199A254EFBF721A5A1A /* [CP] Embed Pods Frameworks */ = {
			isa = PBXShellScriptBuildPhase;
			buildActionMask = 2147483647;
			files = (
			);
			inputFileListPaths = (
				"${PODS_ROOT}/Target Support Files/Pods-MobilPelisProd/Pods-MobilPelisProd-frameworks-${CONFIGURATION}-input-files.xcfilelist",
			);
			name = "[CP] Embed Pods Frameworks";
			outputFileListPaths = (
				"${PODS_ROOT}/Target Support Files/Pods-MobilPelisProd/Pods-MobilPelisProd-frameworks-${CONFIGURATION}-output-files.xcfilelist",
			);
			runOnlyForDeploymentPostprocessing = 0;
			shellPath = /bin/sh;
			shellScript = "\"${PODS_ROOT}/Target Support Files/Pods-MobilPelisProd/Pods-MobilPelisProd-frameworks.sh\"\n";
			showEnvVarsInLog = 0;
		};
		4394AD5073B1F6FFF8FE8A34 /* [CP] Check Pods Manifest.lock */ = {
			isa = PBXShellScriptBuildPhase;
			buildActionMask = 2147483647;
			files = (
			);
			inputFileListPaths = (
			);
			inputPaths = (
				"${PODS_PODFILE_DIR_PATH}/Podfile.lock",
				"${PODS_ROOT}/Manifest.lock",
			);
			name = "[CP] Check Pods Manifest.lock";
			outputFileListPaths = (
			);
			outputPaths = (
				"$(DERIVED_FILE_DIR)/Pods-MobilPelisTests-checkManifestLockResult.txt",
			);
			runOnlyForDeploymentPostprocessing = 0;
			shellPath = /bin/sh;
			shellScript = "diff \"${PODS_PODFILE_DIR_PATH}/Podfile.lock\" \"${PODS_ROOT}/Manifest.lock\" > /dev/null\nif [ $? != 0 ] ; then\n    # print error to STDERR\n    echo \"error: The sandbox is not in sync with the Podfile.lock. Run 'pod install' or update your CocoaPods installation.\" >&2\n    exit 1\nfi\n# This output is used by Xcode 'outputs' to avoid re-running this script phase.\necho \"SUCCESS\" > \"${SCRIPT_OUTPUT_FILE_0}\"\n";
			showEnvVarsInLog = 0;
		};
		94C3383D06DE53E60B4F5AA1 /* [CP] Check Pods Manifest.lock */ = {
			isa = PBXShellScriptBuildPhase;
			buildActionMask = 2147483647;
			files = (
			);
			inputFileListPaths = (
			);
			inputPaths = (
				"${PODS_PODFILE_DIR_PATH}/Podfile.lock",
				"${PODS_ROOT}/Manifest.lock",
			);
			name = "[CP] Check Pods Manifest.lock";
			outputFileListPaths = (
			);
			outputPaths = (
				"$(DERIVED_FILE_DIR)/Pods-MobilPelisDev-MobilPelisUITests-checkManifestLockResult.txt",
			);
			runOnlyForDeploymentPostprocessing = 0;
			shellPath = /bin/sh;
			shellScript = "diff \"${PODS_PODFILE_DIR_PATH}/Podfile.lock\" \"${PODS_ROOT}/Manifest.lock\" > /dev/null\nif [ $? != 0 ] ; then\n    # print error to STDERR\n    echo \"error: The sandbox is not in sync with the Podfile.lock. Run 'pod install' or update your CocoaPods installation.\" >&2\n    exit 1\nfi\n# This output is used by Xcode 'outputs' to avoid re-running this script phase.\necho \"SUCCESS\" > \"${SCRIPT_OUTPUT_FILE_0}\"\n";
			showEnvVarsInLog = 0;
		};
		BEDAEE5582B07D238E0D18D3 /* [CP] Check Pods Manifest.lock */ = {
			isa = PBXShellScriptBuildPhase;
			buildActionMask = 2147483647;
			files = (
			);
			inputFileListPaths = (
			);
			inputPaths = (
				"${PODS_PODFILE_DIR_PATH}/Podfile.lock",
				"${PODS_ROOT}/Manifest.lock",
			);
			name = "[CP] Check Pods Manifest.lock";
			outputFileListPaths = (
			);
			outputPaths = (
				"$(DERIVED_FILE_DIR)/Pods-MobilPelisProd-checkManifestLockResult.txt",
			);
			runOnlyForDeploymentPostprocessing = 0;
			shellPath = /bin/sh;
			shellScript = "diff \"${PODS_PODFILE_DIR_PATH}/Podfile.lock\" \"${PODS_ROOT}/Manifest.lock\" > /dev/null\nif [ $? != 0 ] ; then\n    # print error to STDERR\n    echo \"error: The sandbox is not in sync with the Podfile.lock. Run 'pod install' or update your CocoaPods installation.\" >&2\n    exit 1\nfi\n# This output is used by Xcode 'outputs' to avoid re-running this script phase.\necho \"SUCCESS\" > \"${SCRIPT_OUTPUT_FILE_0}\"\n";
			showEnvVarsInLog = 0;
		};
		D5281FCEDEA9B6675853D1E2 /* [CP] Check Pods Manifest.lock */ = {
			isa = PBXShellScriptBuildPhase;
			buildActionMask = 2147483647;
			files = (
			);
			inputFileListPaths = (
			);
			inputPaths = (
				"${PODS_PODFILE_DIR_PATH}/Podfile.lock",
				"${PODS_ROOT}/Manifest.lock",
			);
			name = "[CP] Check Pods Manifest.lock";
			outputFileListPaths = (
			);
			outputPaths = (
				"$(DERIVED_FILE_DIR)/Pods-MobilPelisDev-checkManifestLockResult.txt",
			);
			runOnlyForDeploymentPostprocessing = 0;
			shellPath = /bin/sh;
			shellScript = "diff \"${PODS_PODFILE_DIR_PATH}/Podfile.lock\" \"${PODS_ROOT}/Manifest.lock\" > /dev/null\nif [ $? != 0 ] ; then\n    # print error to STDERR\n    echo \"error: The sandbox is not in sync with the Podfile.lock. Run 'pod install' or update your CocoaPods installation.\" >&2\n    exit 1\nfi\n# This output is used by Xcode 'outputs' to avoid re-running this script phase.\necho \"SUCCESS\" > \"${SCRIPT_OUTPUT_FILE_0}\"\n";
			showEnvVarsInLog = 0;
		};
		F0DF84D19DFE9422641F2F1A /* [CP] Embed Pods Frameworks */ = {
			isa = PBXShellScriptBuildPhase;
			buildActionMask = 2147483647;
			files = (
			);
			inputFileListPaths = (
				"${PODS_ROOT}/Target Support Files/Pods-MobilPelisDev-MobilPelisUITests/Pods-MobilPelisDev-MobilPelisUITests-frameworks-${CONFIGURATION}-input-files.xcfilelist",
			);
			name = "[CP] Embed Pods Frameworks";
			outputFileListPaths = (
				"${PODS_ROOT}/Target Support Files/Pods-MobilPelisDev-MobilPelisUITests/Pods-MobilPelisDev-MobilPelisUITests-frameworks-${CONFIGURATION}-output-files.xcfilelist",
			);
			runOnlyForDeploymentPostprocessing = 0;
			shellPath = /bin/sh;
			shellScript = "\"${PODS_ROOT}/Target Support Files/Pods-MobilPelisDev-MobilPelisUITests/Pods-MobilPelisDev-MobilPelisUITests-frameworks.sh\"\n";
			showEnvVarsInLog = 0;
		};
/* End PBXShellScriptBuildPhase section */

/* Begin PBXSourcesBuildPhase section */
		6DC13C7327F776690017C4C4 /* Sources */ = {
			isa = PBXSourcesBuildPhase;
			buildActionMask = 2147483647;
			files = (
				6DC13CCC27F789430017C4C4 /* LoginViewController.swift in Sources */,
				6DC13C7B27F776690017C4C4 /* AppDelegate.swift in Sources */,
				6D33126E27FA3E8800294D48 /* MovieTableViewCell.swift in Sources */,
				6D6B129D27FAE1F8008CDAD4 /* Model.xcdatamodeld in Sources */,
				6D33126227F95EA500294D48 /* MovieModel.swift in Sources */,
				6D6B129127FAD2C9008CDAD4 /* DetailMovieViewController.swift in Sources */,
				6D33125B27F95BDD00294D48 /* Endpoint.swift in Sources */,
				6D33126927FA23E400294D48 /* ListMovieTableViewController.swift in Sources */,
				6D33124F27F8B69300294D48 /* UIViewController.swift in Sources */,
				6D33124727F821E200294D48 /* UserModel.swift in Sources */,
				6D33124A27F8AB8900294D48 /* LoginViewModel.swift in Sources */,
				6DC13C7D27F776690017C4C4 /* SceneDelegate.swift in Sources */,
				6D33125E27F95C2F00294D48 /* Services.swift in Sources */,
				6D33126627F9F3A100294D48 /* ListMovieViewModel.swift in Sources */,
				6D6B12A027FB3A4E008CDAD4 /* MovieCoreData.swift in Sources */,
			);
			runOnlyForDeploymentPostprocessing = 0;
		};
		6DC13C8927F7766A0017C4C4 /* Sources */ = {
			isa = PBXSourcesBuildPhase;
			buildActionMask = 2147483647;
			files = (
				6DC13C9227F7766A0017C4C4 /* MobilPelisTests.swift in Sources */,
			);
			runOnlyForDeploymentPostprocessing = 0;
		};
		6DC13C9327F7766A0017C4C4 /* Sources */ = {
			isa = PBXSourcesBuildPhase;
			buildActionMask = 2147483647;
			files = (
				6DC13C9E27F7766A0017C4C4 /* MobilPelisUITestsLaunchTests.swift in Sources */,
				6DC13C9C27F7766A0017C4C4 /* MobilPelisUITests.swift in Sources */,
			);
			runOnlyForDeploymentPostprocessing = 0;
		};
		6DC13CB427F787EA0017C4C4 /* Sources */ = {
			isa = PBXSourcesBuildPhase;
			buildActionMask = 2147483647;
			files = (
				6DC13CCD27F789430017C4C4 /* LoginViewController.swift in Sources */,
				6DC13CB527F787EA0017C4C4 /* AppDelegate.swift in Sources */,
				6D33126F27FA3E8800294D48 /* MovieTableViewCell.swift in Sources */,
				6D6B129E27FAE1F8008CDAD4 /* Model.xcdatamodeld in Sources */,
				6D33126327F95EA500294D48 /* MovieModel.swift in Sources */,
				6D6B129227FAD2C9008CDAD4 /* DetailMovieViewController.swift in Sources */,
				6D33125C27F95BDD00294D48 /* Endpoint.swift in Sources */,
				6D33126A27FA23E400294D48 /* ListMovieTableViewController.swift in Sources */,
				6D33125027F8B69300294D48 /* UIViewController.swift in Sources */,
				6D33124827F821E200294D48 /* UserModel.swift in Sources */,
				6D33124B27F8AB8900294D48 /* LoginViewModel.swift in Sources */,
				6DC13CB627F787EA0017C4C4 /* SceneDelegate.swift in Sources */,
				6D33125F27F95C2F00294D48 /* Services.swift in Sources */,
				6D33126727F9F3A100294D48 /* ListMovieViewModel.swift in Sources */,
				6D6B12A127FB3A4E008CDAD4 /* MovieCoreData.swift in Sources */,
			);
			runOnlyForDeploymentPostprocessing = 0;
		};
/* End PBXSourcesBuildPhase section */

/* Begin PBXTargetDependency section */
		6DC13C8F27F7766A0017C4C4 /* PBXTargetDependency */ = {
			isa = PBXTargetDependency;
			target = 6DC13C7627F776690017C4C4 /* MobilPelisProd */;
			targetProxy = 6DC13C8E27F7766A0017C4C4 /* PBXContainerItemProxy */;
		};
		6DC13C9927F7766A0017C4C4 /* PBXTargetDependency */ = {
			isa = PBXTargetDependency;
			target = 6DC13C7627F776690017C4C4 /* MobilPelisProd */;
			targetProxy = 6DC13C9827F7766A0017C4C4 /* PBXContainerItemProxy */;
		};
		6DC13D0E27F7A0990017C4C4 /* PBXTargetDependency */ = {
			isa = PBXTargetDependency;
			target = 6DC13CB227F787EA0017C4C4 /* MobilPelisDev */;
			targetProxy = 6DC13D0D27F7A0990017C4C4 /* PBXContainerItemProxy */;
		};
		6DC13D1027F7A09C0017C4C4 /* PBXTargetDependency */ = {
			isa = PBXTargetDependency;
			target = 6DC13CB227F787EA0017C4C4 /* MobilPelisDev */;
			targetProxy = 6DC13D0F27F7A09C0017C4C4 /* PBXContainerItemProxy */;
		};
/* End PBXTargetDependency section */

/* Begin PBXVariantGroup section */
		6DC13C8527F7766A0017C4C4 /* LaunchScreen.storyboard */ = {
			isa = PBXVariantGroup;
			children = (
				6DC13C8627F7766A0017C4C4 /* Base */,
			);
			name = LaunchScreen.storyboard;
			sourceTree = "<group>";
		};
/* End PBXVariantGroup section */

/* Begin XCBuildConfiguration section */
		6DC13C9F27F7766A0017C4C4 /* Debug */ = {
			isa = XCBuildConfiguration;
			buildSettings = {
				ALWAYS_SEARCH_USER_PATHS = NO;
				CLANG_ANALYZER_NONNULL = YES;
				CLANG_ANALYZER_NUMBER_OBJECT_CONVERSION = YES_AGGRESSIVE;
				CLANG_CXX_LANGUAGE_STANDARD = "gnu++17";
				CLANG_ENABLE_MODULES = YES;
				CLANG_ENABLE_OBJC_ARC = YES;
				CLANG_ENABLE_OBJC_WEAK = YES;
				CLANG_WARN_BLOCK_CAPTURE_AUTORELEASING = YES;
				CLANG_WARN_BOOL_CONVERSION = YES;
				CLANG_WARN_COMMA = YES;
				CLANG_WARN_CONSTANT_CONVERSION = YES;
				CLANG_WARN_DEPRECATED_OBJC_IMPLEMENTATIONS = YES;
				CLANG_WARN_DIRECT_OBJC_ISA_USAGE = YES_ERROR;
				CLANG_WARN_DOCUMENTATION_COMMENTS = YES;
				CLANG_WARN_EMPTY_BODY = YES;
				CLANG_WARN_ENUM_CONVERSION = YES;
				CLANG_WARN_INFINITE_RECURSION = YES;
				CLANG_WARN_INT_CONVERSION = YES;
				CLANG_WARN_NON_LITERAL_NULL_CONVERSION = YES;
				CLANG_WARN_OBJC_IMPLICIT_RETAIN_SELF = YES;
				CLANG_WARN_OBJC_LITERAL_CONVERSION = YES;
				CLANG_WARN_OBJC_ROOT_CLASS = YES_ERROR;
				CLANG_WARN_QUOTED_INCLUDE_IN_FRAMEWORK_HEADER = YES;
				CLANG_WARN_RANGE_LOOP_ANALYSIS = YES;
				CLANG_WARN_STRICT_PROTOTYPES = YES;
				CLANG_WARN_SUSPICIOUS_MOVE = YES;
				CLANG_WARN_UNGUARDED_AVAILABILITY = YES_AGGRESSIVE;
				CLANG_WARN_UNREACHABLE_CODE = YES;
				CLANG_WARN__DUPLICATE_METHOD_MATCH = YES;
				COPY_PHASE_STRIP = NO;
				DEBUG_INFORMATION_FORMAT = dwarf;
				ENABLE_STRICT_OBJC_MSGSEND = YES;
				ENABLE_TESTABILITY = YES;
				GCC_C_LANGUAGE_STANDARD = gnu11;
				GCC_DYNAMIC_NO_PIC = NO;
				GCC_NO_COMMON_BLOCKS = YES;
				GCC_OPTIMIZATION_LEVEL = 0;
				GCC_PREPROCESSOR_DEFINITIONS = (
					"DEBUG=1",
					"$(inherited)",
				);
				GCC_WARN_64_TO_32_BIT_CONVERSION = YES;
				GCC_WARN_ABOUT_RETURN_TYPE = YES_ERROR;
				GCC_WARN_UNDECLARED_SELECTOR = YES;
				GCC_WARN_UNINITIALIZED_AUTOS = YES_AGGRESSIVE;
				GCC_WARN_UNUSED_FUNCTION = YES;
				GCC_WARN_UNUSED_VARIABLE = YES;
				IPHONEOS_DEPLOYMENT_TARGET = 15.4;
				MTL_ENABLE_DEBUG_INFO = INCLUDE_SOURCE;
				MTL_FAST_MATH = YES;
				ONLY_ACTIVE_ARCH = YES;
				SDKROOT = iphoneos;
				SWIFT_ACTIVE_COMPILATION_CONDITIONS = DEBUG;
				SWIFT_OPTIMIZATION_LEVEL = "-Onone";
			};
			name = Debug;
		};
		6DC13CA027F7766A0017C4C4 /* Release */ = {
			isa = XCBuildConfiguration;
			buildSettings = {
				ALWAYS_SEARCH_USER_PATHS = NO;
				CLANG_ANALYZER_NONNULL = YES;
				CLANG_ANALYZER_NUMBER_OBJECT_CONVERSION = YES_AGGRESSIVE;
				CLANG_CXX_LANGUAGE_STANDARD = "gnu++17";
				CLANG_ENABLE_MODULES = YES;
				CLANG_ENABLE_OBJC_ARC = YES;
				CLANG_ENABLE_OBJC_WEAK = YES;
				CLANG_WARN_BLOCK_CAPTURE_AUTORELEASING = YES;
				CLANG_WARN_BOOL_CONVERSION = YES;
				CLANG_WARN_COMMA = YES;
				CLANG_WARN_CONSTANT_CONVERSION = YES;
				CLANG_WARN_DEPRECATED_OBJC_IMPLEMENTATIONS = YES;
				CLANG_WARN_DIRECT_OBJC_ISA_USAGE = YES_ERROR;
				CLANG_WARN_DOCUMENTATION_COMMENTS = YES;
				CLANG_WARN_EMPTY_BODY = YES;
				CLANG_WARN_ENUM_CONVERSION = YES;
				CLANG_WARN_INFINITE_RECURSION = YES;
				CLANG_WARN_INT_CONVERSION = YES;
				CLANG_WARN_NON_LITERAL_NULL_CONVERSION = YES;
				CLANG_WARN_OBJC_IMPLICIT_RETAIN_SELF = YES;
				CLANG_WARN_OBJC_LITERAL_CONVERSION = YES;
				CLANG_WARN_OBJC_ROOT_CLASS = YES_ERROR;
				CLANG_WARN_QUOTED_INCLUDE_IN_FRAMEWORK_HEADER = YES;
				CLANG_WARN_RANGE_LOOP_ANALYSIS = YES;
				CLANG_WARN_STRICT_PROTOTYPES = YES;
				CLANG_WARN_SUSPICIOUS_MOVE = YES;
				CLANG_WARN_UNGUARDED_AVAILABILITY = YES_AGGRESSIVE;
				CLANG_WARN_UNREACHABLE_CODE = YES;
				CLANG_WARN__DUPLICATE_METHOD_MATCH = YES;
				COPY_PHASE_STRIP = NO;
				DEBUG_INFORMATION_FORMAT = "dwarf-with-dsym";
				ENABLE_NS_ASSERTIONS = NO;
				ENABLE_STRICT_OBJC_MSGSEND = YES;
				GCC_C_LANGUAGE_STANDARD = gnu11;
				GCC_NO_COMMON_BLOCKS = YES;
				GCC_WARN_64_TO_32_BIT_CONVERSION = YES;
				GCC_WARN_ABOUT_RETURN_TYPE = YES_ERROR;
				GCC_WARN_UNDECLARED_SELECTOR = YES;
				GCC_WARN_UNINITIALIZED_AUTOS = YES_AGGRESSIVE;
				GCC_WARN_UNUSED_FUNCTION = YES;
				GCC_WARN_UNUSED_VARIABLE = YES;
				IPHONEOS_DEPLOYMENT_TARGET = 15.4;
				MTL_ENABLE_DEBUG_INFO = NO;
				MTL_FAST_MATH = YES;
				SDKROOT = iphoneos;
				SWIFT_COMPILATION_MODE = wholemodule;
				SWIFT_OPTIMIZATION_LEVEL = "-O";
				VALIDATE_PRODUCT = YES;
			};
			name = Release;
		};
		6DC13CA227F7766A0017C4C4 /* Debug */ = {
			isa = XCBuildConfiguration;
			baseConfigurationReference = 79E29562084CF5C9D7D26279 /* Pods-MobilPelisProd.debug.xcconfig */;
			buildSettings = {
				ASSETCATALOG_COMPILER_APPICON_NAME = AppIcon;
				ASSETCATALOG_COMPILER_GLOBAL_ACCENT_COLOR_NAME = AccentColor;
				CODE_SIGN_STYLE = Automatic;
				CURRENT_PROJECT_VERSION = 1;
				DEVELOPMENT_TEAM = Z84GQ55RVN;
				GENERATE_INFOPLIST_FILE = YES;
				INFOPLIST_FILE = MobilPelis/Application/MobilPelisProd.plist;
				INFOPLIST_KEY_UIApplicationSupportsIndirectInputEvents = YES;
				INFOPLIST_KEY_UILaunchStoryboardName = LaunchScreen;
				INFOPLIST_KEY_UIMainStoryboardFile = Login;
				INFOPLIST_KEY_UISupportedInterfaceOrientations = UIInterfaceOrientationPortrait;
				INFOPLIST_KEY_UISupportedInterfaceOrientations_iPad = "UIInterfaceOrientationPortrait UIInterfaceOrientationPortraitUpsideDown UIInterfaceOrientationLandscapeLeft UIInterfaceOrientationLandscapeRight";
				INFOPLIST_KEY_UISupportedInterfaceOrientations_iPhone = "UIInterfaceOrientationPortrait UIInterfaceOrientationLandscapeLeft UIInterfaceOrientationLandscapeRight";
				IPHONEOS_DEPLOYMENT_TARGET = 13.0;
				LD_RUNPATH_SEARCH_PATHS = (
					"$(inherited)",
					"@executable_path/Frameworks",
				);
				MARKETING_VERSION = 1.0.0;
				PRODUCT_BUNDLE_IDENTIFIER = zoluxiones.desafio.MobilPelis;
				PRODUCT_NAME = "$(TARGET_NAME)";
				SWIFT_EMIT_LOC_STRINGS = YES;
				SWIFT_VERSION = 5.0;
				TARGETED_DEVICE_FAMILY = 1;
			};
			name = Debug;
		};
		6DC13CA327F7766A0017C4C4 /* Release */ = {
			isa = XCBuildConfiguration;
			baseConfigurationReference = 3EAFEB15B3882777D941AB4D /* Pods-MobilPelisProd.release.xcconfig */;
			buildSettings = {
				ASSETCATALOG_COMPILER_APPICON_NAME = AppIcon;
				ASSETCATALOG_COMPILER_GLOBAL_ACCENT_COLOR_NAME = AccentColor;
				CODE_SIGN_STYLE = Automatic;
				CURRENT_PROJECT_VERSION = 1;
				DEVELOPMENT_TEAM = Z84GQ55RVN;
				GENERATE_INFOPLIST_FILE = YES;
				INFOPLIST_FILE = MobilPelis/Application/MobilPelisProd.plist;
				INFOPLIST_KEY_UIApplicationSupportsIndirectInputEvents = YES;
				INFOPLIST_KEY_UILaunchStoryboardName = LaunchScreen;
				INFOPLIST_KEY_UIMainStoryboardFile = Login;
				INFOPLIST_KEY_UISupportedInterfaceOrientations = UIInterfaceOrientationPortrait;
				INFOPLIST_KEY_UISupportedInterfaceOrientations_iPad = "UIInterfaceOrientationPortrait UIInterfaceOrientationPortraitUpsideDown UIInterfaceOrientationLandscapeLeft UIInterfaceOrientationLandscapeRight";
				INFOPLIST_KEY_UISupportedInterfaceOrientations_iPhone = "UIInterfaceOrientationPortrait UIInterfaceOrientationLandscapeLeft UIInterfaceOrientationLandscapeRight";
				IPHONEOS_DEPLOYMENT_TARGET = 13.0;
				LD_RUNPATH_SEARCH_PATHS = (
					"$(inherited)",
					"@executable_path/Frameworks",
				);
				MARKETING_VERSION = 1.0.0;
				PRODUCT_BUNDLE_IDENTIFIER = zoluxiones.desafio.MobilPelis;
				PRODUCT_NAME = "$(TARGET_NAME)";
				SWIFT_EMIT_LOC_STRINGS = YES;
				SWIFT_VERSION = 5.0;
				TARGETED_DEVICE_FAMILY = 1;
			};
			name = Release;
		};
		6DC13CA527F7766A0017C4C4 /* Debug */ = {
			isa = XCBuildConfiguration;
			baseConfigurationReference = C28B1722E67972A341F7CF7B /* Pods-MobilPelisTests.debug.xcconfig */;
			buildSettings = {
				ALWAYS_EMBED_SWIFT_STANDARD_LIBRARIES = YES;
				BUNDLE_LOADER = "$(TEST_HOST)";
				CODE_SIGN_STYLE = Automatic;
				CURRENT_PROJECT_VERSION = 1;
				DEVELOPMENT_TEAM = Z84GQ55RVN;
				GENERATE_INFOPLIST_FILE = YES;
				IPHONEOS_DEPLOYMENT_TARGET = 15.4;
				MARKETING_VERSION = 1.0;
				PRODUCT_BUNDLE_IDENTIFIER = zoluxiones.desafio.MobilPelisTests;
				PRODUCT_NAME = "$(TARGET_NAME)";
				SWIFT_EMIT_LOC_STRINGS = NO;
				SWIFT_VERSION = 5.0;
				TARGETED_DEVICE_FAMILY = "1,2";
				TEST_HOST = "$(BUILT_PRODUCTS_DIR)/MobilPelisDev.app/MobilPelisDev";
			};
			name = Debug;
		};
		6DC13CA627F7766A0017C4C4 /* Release */ = {
			isa = XCBuildConfiguration;
			baseConfigurationReference = BDAAD4E7B7216461D6C7593A /* Pods-MobilPelisTests.release.xcconfig */;
			buildSettings = {
				ALWAYS_EMBED_SWIFT_STANDARD_LIBRARIES = YES;
				BUNDLE_LOADER = "$(TEST_HOST)";
				CODE_SIGN_STYLE = Automatic;
				CURRENT_PROJECT_VERSION = 1;
				DEVELOPMENT_TEAM = Z84GQ55RVN;
				GENERATE_INFOPLIST_FILE = YES;
				IPHONEOS_DEPLOYMENT_TARGET = 15.4;
				MARKETING_VERSION = 1.0;
				PRODUCT_BUNDLE_IDENTIFIER = zoluxiones.desafio.MobilPelisTests;
				PRODUCT_NAME = "$(TARGET_NAME)";
				SWIFT_EMIT_LOC_STRINGS = NO;
				SWIFT_VERSION = 5.0;
				TARGETED_DEVICE_FAMILY = "1,2";
				TEST_HOST = "$(BUILT_PRODUCTS_DIR)/MobilPelisDev.app/MobilPelisDev";
			};
			name = Release;
		};
		6DC13CA827F7766A0017C4C4 /* Debug */ = {
			isa = XCBuildConfiguration;
			baseConfigurationReference = F61A8ED1A523E74D59AF29FC /* Pods-MobilPelisDev-MobilPelisUITests.debug.xcconfig */;
			buildSettings = {
				ALWAYS_EMBED_SWIFT_STANDARD_LIBRARIES = YES;
				CODE_SIGN_STYLE = Automatic;
				CURRENT_PROJECT_VERSION = 1;
				DEVELOPMENT_TEAM = Z84GQ55RVN;
				GENERATE_INFOPLIST_FILE = YES;
				MARKETING_VERSION = 1.0;
				PRODUCT_BUNDLE_IDENTIFIER = zoluxiones.desafio.MobilPelisUITests;
				PRODUCT_NAME = "$(TARGET_NAME)";
				SWIFT_EMIT_LOC_STRINGS = NO;
				SWIFT_VERSION = 5.0;
				TARGETED_DEVICE_FAMILY = "1,2";
				TEST_TARGET_NAME = MobilPelisDev;
			};
			name = Debug;
		};
		6DC13CA927F7766A0017C4C4 /* Release */ = {
			isa = XCBuildConfiguration;
			baseConfigurationReference = FFD6298415D04B7167ECC4B4 /* Pods-MobilPelisDev-MobilPelisUITests.release.xcconfig */;
			buildSettings = {
				ALWAYS_EMBED_SWIFT_STANDARD_LIBRARIES = YES;
				CODE_SIGN_STYLE = Automatic;
				CURRENT_PROJECT_VERSION = 1;
				DEVELOPMENT_TEAM = Z84GQ55RVN;
				GENERATE_INFOPLIST_FILE = YES;
				MARKETING_VERSION = 1.0;
				PRODUCT_BUNDLE_IDENTIFIER = zoluxiones.desafio.MobilPelisUITests;
				PRODUCT_NAME = "$(TARGET_NAME)";
				SWIFT_EMIT_LOC_STRINGS = NO;
				SWIFT_VERSION = 5.0;
				TARGETED_DEVICE_FAMILY = "1,2";
				TEST_TARGET_NAME = MobilPelisDev;
			};
			name = Release;
		};
		6DC13CBD27F787EA0017C4C4 /* Debug */ = {
			isa = XCBuildConfiguration;
			baseConfigurationReference = C3082EC2343FC7291B2881DE /* Pods-MobilPelisDev.debug.xcconfig */;
			buildSettings = {
				ASSETCATALOG_COMPILER_APPICON_NAME = AppIcon;
				ASSETCATALOG_COMPILER_GLOBAL_ACCENT_COLOR_NAME = AccentColor;
				CODE_SIGN_STYLE = Automatic;
				CURRENT_PROJECT_VERSION = 1;
				DEVELOPMENT_TEAM = Z84GQ55RVN;
				GENERATE_INFOPLIST_FILE = YES;
				INFOPLIST_FILE = MobilPelis/Application/MobilPelisDev.plist;
				INFOPLIST_KEY_UIApplicationSupportsIndirectInputEvents = YES;
				INFOPLIST_KEY_UILaunchStoryboardName = LaunchScreen;
				INFOPLIST_KEY_UIMainStoryboardFile = Login;
				INFOPLIST_KEY_UISupportedInterfaceOrientations = UIInterfaceOrientationPortrait;
				INFOPLIST_KEY_UISupportedInterfaceOrientations_iPad = "UIInterfaceOrientationPortrait UIInterfaceOrientationPortraitUpsideDown UIInterfaceOrientationLandscapeLeft UIInterfaceOrientationLandscapeRight";
				INFOPLIST_KEY_UISupportedInterfaceOrientations_iPhone = "UIInterfaceOrientationPortrait UIInterfaceOrientationLandscapeLeft UIInterfaceOrientationLandscapeRight";
				IPHONEOS_DEPLOYMENT_TARGET = 13.0;
				LD_RUNPATH_SEARCH_PATHS = (
					"$(inherited)",
					"@executable_path/Frameworks",
				);
				MARKETING_VERSION = 1.0.0;
				PRODUCT_BUNDLE_IDENTIFIER = zoluxiones.desafio.MobilPelis;
				PRODUCT_NAME = "$(TARGET_NAME)";
				SWIFT_EMIT_LOC_STRINGS = YES;
				SWIFT_VERSION = 5.0;
				TARGETED_DEVICE_FAMILY = 1;
			};
			name = Debug;
		};
		6DC13CBE27F787EA0017C4C4 /* Release */ = {
			isa = XCBuildConfiguration;
			baseConfigurationReference = F5159AE5F5FF29DA1F1993E6 /* Pods-MobilPelisDev.release.xcconfig */;
			buildSettings = {
				ASSETCATALOG_COMPILER_APPICON_NAME = AppIcon;
				ASSETCATALOG_COMPILER_GLOBAL_ACCENT_COLOR_NAME = AccentColor;
				CODE_SIGN_STYLE = Automatic;
				CURRENT_PROJECT_VERSION = 1;
				DEVELOPMENT_TEAM = Z84GQ55RVN;
				GENERATE_INFOPLIST_FILE = YES;
				INFOPLIST_FILE = MobilPelis/Application/MobilPelisDev.plist;
				INFOPLIST_KEY_UIApplicationSupportsIndirectInputEvents = YES;
				INFOPLIST_KEY_UILaunchStoryboardName = LaunchScreen;
				INFOPLIST_KEY_UIMainStoryboardFile = Login;
				INFOPLIST_KEY_UISupportedInterfaceOrientations = UIInterfaceOrientationPortrait;
				INFOPLIST_KEY_UISupportedInterfaceOrientations_iPad = "UIInterfaceOrientationPortrait UIInterfaceOrientationPortraitUpsideDown UIInterfaceOrientationLandscapeLeft UIInterfaceOrientationLandscapeRight";
				INFOPLIST_KEY_UISupportedInterfaceOrientations_iPhone = "UIInterfaceOrientationPortrait UIInterfaceOrientationLandscapeLeft UIInterfaceOrientationLandscapeRight";
				IPHONEOS_DEPLOYMENT_TARGET = 13.0;
				LD_RUNPATH_SEARCH_PATHS = (
					"$(inherited)",
					"@executable_path/Frameworks",
				);
				MARKETING_VERSION = 1.0.0;
				PRODUCT_BUNDLE_IDENTIFIER = zoluxiones.desafio.MobilPelis;
				PRODUCT_NAME = "$(TARGET_NAME)";
				SWIFT_EMIT_LOC_STRINGS = YES;
				SWIFT_VERSION = 5.0;
				TARGETED_DEVICE_FAMILY = 1;
			};
			name = Release;
		};
/* End XCBuildConfiguration section */

/* Begin XCConfigurationList section */
		6DC13C7227F776690017C4C4 /* Build configuration list for PBXProject "MobilPelis" */ = {
			isa = XCConfigurationList;
			buildConfigurations = (
				6DC13C9F27F7766A0017C4C4 /* Debug */,
				6DC13CA027F7766A0017C4C4 /* Release */,
			);
			defaultConfigurationIsVisible = 0;
			defaultConfigurationName = Release;
		};
		6DC13CA127F7766A0017C4C4 /* Build configuration list for PBXNativeTarget "MobilPelisProd" */ = {
			isa = XCConfigurationList;
			buildConfigurations = (
				6DC13CA227F7766A0017C4C4 /* Debug */,
				6DC13CA327F7766A0017C4C4 /* Release */,
			);
			defaultConfigurationIsVisible = 0;
			defaultConfigurationName = Release;
		};
		6DC13CA427F7766A0017C4C4 /* Build configuration list for PBXNativeTarget "MobilPelisTests" */ = {
			isa = XCConfigurationList;
			buildConfigurations = (
				6DC13CA527F7766A0017C4C4 /* Debug */,
				6DC13CA627F7766A0017C4C4 /* Release */,
			);
			defaultConfigurationIsVisible = 0;
			defaultConfigurationName = Release;
		};
		6DC13CA727F7766A0017C4C4 /* Build configuration list for PBXNativeTarget "MobilPelisUITests" */ = {
			isa = XCConfigurationList;
			buildConfigurations = (
				6DC13CA827F7766A0017C4C4 /* Debug */,
				6DC13CA927F7766A0017C4C4 /* Release */,
			);
			defaultConfigurationIsVisible = 0;
			defaultConfigurationName = Release;
		};
		6DC13CBC27F787EA0017C4C4 /* Build configuration list for PBXNativeTarget "MobilPelisDev" */ = {
			isa = XCConfigurationList;
			buildConfigurations = (
				6DC13CBD27F787EA0017C4C4 /* Debug */,
				6DC13CBE27F787EA0017C4C4 /* Release */,
			);
			defaultConfigurationIsVisible = 0;
			defaultConfigurationName = Release;
		};
/* End XCConfigurationList section */

/* Begin XCVersionGroup section */
		6D6B129B27FAE1F7008CDAD4 /* Model.xcdatamodeld */ = {
			isa = XCVersionGroup;
			children = (
				6D6B129C27FAE1F8008CDAD4 /* Model.xcdatamodel */,
			);
			currentVersion = 6D6B129C27FAE1F8008CDAD4 /* Model.xcdatamodel */;
			path = Model.xcdatamodeld;
			sourceTree = "<group>";
			versionGroupType = wrapper.xcdatamodel;
		};
/* End XCVersionGroup section */
	};
	rootObject = 6DC13C6F27F776690017C4C4 /* Project object */;
}
